// !$*UTF8*$!
{
	archiveVersion = 1;
	classes = {
	};
	objectVersion = 46;
	objects = {

/* Begin PBXBuildFile section */
		43CC5B8513E99164000BABB7 /* Foundation.framework in Frameworks */ = {isa = PBXBuildFile; fileRef = 43CC5B8413E99164000BABB7 /* Foundation.framework */; };
		43CC5B8813E99164000BABB7 /* main.m in Sources */ = {isa = PBXBuildFile; fileRef = 43CC5B8713E99164000BABB7 /* main.m */; };
		43CC5B8C13E99164000BABB7 /* MagicMind.1 in CopyFiles */ = {isa = PBXBuildFile; fileRef = 43CC5B8B13E99164000BABB7 /* MagicMind.1 */; };
		43CC5B9413E9917C000BABB7 /* Peg.m in Sources */ = {isa = PBXBuildFile; fileRef = 43CC5B9313E9917C000BABB7 /* Peg.m */; };
		43CC5B9A13E99226000BABB7 /* MindPlayer.m in Sources */ = {isa = PBXBuildFile; fileRef = 43CC5B9913E99226000BABB7 /* MindPlayer.m */; };
/* End PBXBuildFile section */

/* Begin PBXCopyFilesBuildPhase section */
		43CC5B7E13E99164000BABB7 /* CopyFiles */ = {
			isa = PBXCopyFilesBuildPhase;
			buildActionMask = 2147483647;
			dstPath = /usr/share/man/man1/;
			dstSubfolderSpec = 0;
			files = (
				43CC5B8C13E99164000BABB7 /* MagicMind.1 in CopyFiles */,
			);
			runOnlyForDeploymentPostprocessing = 1;
		};
/* End PBXCopyFilesBuildPhase section */

/* Begin PBXFileReference section */
		43CC5B8013E99164000BABB7 /* MagicMind */ = {isa = PBXFileReference; explicitFileType = "compiled.mach-o.executable"; includeInIndex = 0; path = MagicMind; sourceTree = BUILT_PRODUCTS_DIR; };
		43CC5B8413E99164000BABB7 /* Foundation.framework */ = {isa = PBXFileReference; lastKnownFileType = wrapper.framework; name = Foundation.framework; path = System/Library/Frameworks/Foundation.framework; sourceTree = SDKROOT; };
		43CC5B8713E99164000BABB7 /* main.m */ = {isa = PBXFileReference; lastKnownFileType = sourcecode.c.objc; path = main.m; sourceTree = "<group>"; };
		43CC5B8A13E99164000BABB7 /* MagicMind-Prefix.pch */ = {isa = PBXFileReference; lastKnownFileType = sourcecode.c.h; path = "MagicMind-Prefix.pch"; sourceTree = "<group>"; };
		43CC5B8B13E99164000BABB7 /* MagicMind.1 */ = {isa = PBXFileReference; lastKnownFileType = text.man; path = MagicMind.1; sourceTree = "<group>"; };
		43CC5B9213E9917C000BABB7 /* Peg.h */ = {isa = PBXFileReference; fileEncoding = 4; lastKnownFileType = sourcecode.c.h; path = Peg.h; sourceTree = "<group>"; };
		43CC5B9313E9917C000BABB7 /* Peg.m */ = {isa = PBXFileReference; fileEncoding = 4; lastKnownFileType = sourcecode.c.objc; path = Peg.m; sourceTree = "<group>"; };
		43CC5B9813E99226000BABB7 /* MindPlayer.h */ = {isa = PBXFileReference; fileEncoding = 4; lastKnownFileType = sourcecode.c.h; name = MindPlayer.h; path = ../MindPlayer.h; sourceTree = "<group>"; };
		43CC5B9913E99226000BABB7 /* MindPlayer.m */ = {isa = PBXFileReference; fileEncoding = 4; lastKnownFileType = sourcecode.c.objc; name = MindPlayer.m; path = ../MindPlayer.m; sourceTree = "<group>"; };
/* End PBXFileReference section */

/* Begin PBXFrameworksBuildPhase section */
		43CC5B7D13E99164000BABB7 /* Frameworks */ = {
			isa = PBXFrameworksBuildPhase;
			buildActionMask = 2147483647;
			files = (
				43CC5B8513E99164000BABB7 /* Foundation.framework in Frameworks */,
			);
			runOnlyForDeploymentPostprocessing = 0;
		};
/* End PBXFrameworksBuildPhase section */

/* Begin PBXGroup section */
		43CC5B7513E99164000BABB7 = {
			isa = PBXGroup;
			children = (
				43CC5B8613E99164000BABB7 /* MagicMind */,
				43CC5B8313E99164000BABB7 /* Frameworks */,
				43CC5B8113E99164000BABB7 /* Products */,
			);
			sourceTree = "<group>";
		};
		43CC5B8113E99164000BABB7 /* Products */ = {
			isa = PBXGroup;
			children = (
				43CC5B8013E99164000BABB7 /* MagicMind */,
			);
			name = Products;
			sourceTree = "<group>";
		};
		43CC5B8313E99164000BABB7 /* Frameworks */ = {
			isa = PBXGroup;
			children = (
				43CC5B8413E99164000BABB7 /* Foundation.framework */,
			);
			name = Frameworks;
			sourceTree = "<group>";
		};
		43CC5B8613E99164000BABB7 /* MagicMind */ = {
			isa = PBXGroup;
			children = (
				43CC5B9813E99226000BABB7 /* MindPlayer.h */,
				43CC5B9913E99226000BABB7 /* MindPlayer.m */,
				43CC5B8713E99164000BABB7 /* main.m */,
				43CC5B8B13E99164000BABB7 /* MagicMind.1 */,
				43CC5B8913E99164000BABB7 /* Supporting Files */,
				43CC5B9213E9917C000BABB7 /* Peg.h */,
				43CC5B9313E9917C000BABB7 /* Peg.m */,
			);
			path = MagicMind;
			sourceTree = "<group>";
		};
		43CC5B8913E99164000BABB7 /* Supporting Files */ = {
			isa = PBXGroup;
			children = (
				43CC5B8A13E99164000BABB7 /* MagicMind-Prefix.pch */,
			);
			name = "Supporting Files";
			sourceTree = "<group>";
		};
/* End PBXGroup section */

/* Begin PBXNativeTarget section */
		43CC5B7F13E99164000BABB7 /* MagicMind */ = {
			isa = PBXNativeTarget;
			buildConfigurationList = 43CC5B8F13E99164000BABB7 /* Build configuration list for PBXNativeTarget "MagicMind" */;
			buildPhases = (
				43CC5B7C13E99164000BABB7 /* Sources */,
				43CC5B7D13E99164000BABB7 /* Frameworks */,
				43CC5B7E13E99164000BABB7 /* CopyFiles */,
			);
			buildRules = (
			);
			dependencies = (
			);
			name = MagicMind;
			productName = MagicMind;
			productReference = 43CC5B8013E99164000BABB7 /* MagicMind */;
			productType = "com.apple.product-type.tool";
		};
/* End PBXNativeTarget section */

/* Begin PBXProject section */
		43CC5B7713E99164000BABB7 /* Project object */ = {
			isa = PBXProject;
			attributes = {
				LastUpgradeCheck = 0420;
			};
			buildConfigurationList = 43CC5B7A13E99164000BABB7 /* Build configuration list for PBXProject "MagicMind" */;
			compatibilityVersion = "Xcode 3.2";
			developmentRegion = English;
			hasScannedForEncodings = 0;
			knownRegions = (
				en,
			);
			mainGroup = 43CC5B7513E99164000BABB7;
			productRefGroup = 43CC5B8113E99164000BABB7 /* Products */;
			projectDirPath = "";
			projectRoot = "";
			targets = (
				43CC5B7F13E99164000BABB7 /* MagicMind */,
			);
		};
/* End PBXProject section */

/* Begin PBXSourcesBuildPhase section */
		43CC5B7C13E99164000BABB7 /* Sources */ = {
			isa = PBXSourcesBuildPhase;
			buildActionMask = 2147483647;
			files = (
				43CC5B8813E99164000BABB7 /* main.m in Sources */,
				43CC5B9413E9917C000BABB7 /* Peg.m in Sources */,
				43CC5B9A13E99226000BABB7 /* MindPlayer.m in Sources */,
			);
			runOnlyForDeploymentPostprocessing = 0;
		};
/* End PBXSourcesBuildPhase section */

/* Begin XCBuildConfiguration section */
		43CC5B8D13E99164000BABB7 /* Debug */ = {
			isa = XCBuildConfiguration;
			buildSettings = {
				ALWAYS_SEARCH_USER_PATHS = NO;
				ARCHS = "$(ARCHS_STANDARD_64_BIT)";
				CLANG_ENABLE_OBJC_ARC = YES;
				COPY_PHASE_STRIP = NO;
				GCC_C_LANGUAGE_STANDARD = gnu99;
				GCC_DYNAMIC_NO_PIC = NO;
				GCC_ENABLE_OBJC_EXCEPTIONS = YES;
				GCC_OPTIMIZATION_LEVEL = 0;
				GCC_PREPROCESSOR_DEFINITIONS = (
					"DEBUG=1",
					"$(inherited)",
				);
				GCC_SYMBOLS_PRIVATE_EXTERN = NO;
				GCC_VERSION = com.apple.compilers.llvm.clang.1_0;
				GCC_WARN_64_TO_32_BIT_CONVERSION = YES;
				GCC_WARN_ABOUT_MISSING_PROTOTYPES = YES;
				GCC_WARN_ABOUT_RETURN_TYPE = YES;
				GCC_WARN_UNUSED_VARIABLE = YES;
				MACOSX_DEPLOYMENT_TARGET = 10.7;
				ONLY_ACTIVE_ARCH = YES;
				SDKROOT = macosx;
			};
			name = Debug;
		};
		43CC5B8E13E99164000BABB7 /* Release */ = {
			isa = XCBuildConfiguration;
			buildSettings = {
				ALWAYS_SEARCH_USER_PATHS = NO;
				ARCHS = "$(ARCHS_STANDARD_64_BIT)";
				CLANG_ENABLE_OBJC_ARC = YES;
				COPY_PHASE_STRIP = YES;
				DEBUG_INFORMATION_FORMAT = "dwarf-with-dsym";
				GCC_C_LANGUAGE_STANDARD = gnu99;
				GCC_ENABLE_OBJC_EXCEPTIONS = YES;
				GCC_VERSION = com.apple.compilers.llvm.clang.1_0;
				GCC_WARN_64_TO_32_BIT_CONVERSION = YES;
				GCC_WARN_ABOUT_MISSING_PROTOTYPES = YES;
				GCC_WARN_ABOUT_RETURN_TYPE = YES;
				GCC_WARN_UNUSED_VARIABLE = YES;
				MACOSX_DEPLOYMENT_TARGET = 10.7;
				SDKROOT = macosx;
			};
			name = Release;
		};
		43CC5B9013E99164000BABB7 /* Debug */ = {
			isa = XCBuildConfiguration;
			buildSettings = {
				GCC_PRECOMPILE_PREFIX_HEADER = YES;
				GCC_PREFIX_HEADER = "MagicMind/MagicMind-Prefix.pch";
				PRODUCT_NAME = "$(TARGET_NAME)";
			};
			name = Debug;
		};
		43CC5B9113E99164000BABB7 /* Release */ = {
			isa = XCBuildConfiguration;
			buildSettings = {
				GCC_PRECOMPILE_PREFIX_HEADER = YES;
				GCC_PREFIX_HEADER = "MagicMind/MagicMind-Prefix.pch";
				PRODUCT_NAME = "$(TARGET_NAME)";
			};
			name = Release;
		};
/* End XCBuildConfiguration section */

/* Begin XCConfigurationList section */
		43CC5B7A13E99164000BABB7 /* Build configuration list for PBXProject "MagicMind" */ = {
			isa = XCConfigurationList;
			buildConfigurations = (
				43CC5B8D13E99164000BABB7 /* Debug */,
				43CC5B8E13E99164000BABB7 /* Release */,
			);
			defaultConfigurationIsVisible = 0;
			defaultConfigurationName = Release;
		};
		43CC5B8F13E99164000BABB7 /* Build configuration list for PBXNativeTarget "MagicMind" */ = {
			isa = XCConfigurationList;
			buildConfigurations = (
				43CC5B9013E99164000BABB7 /* Debug */,
				43CC5B9113E99164000BABB7 /* Release */,
			);
			defaultConfigurationIsVisible = 0;
		};
/* End XCConfigurationList section */
	};
	rootObject = 43CC5B7713E99164000BABB7 /* Project object */;
}
