// !$*UTF8*$!
{
	archiveVersion = 1;
	classes = {
	};
	objectVersion = 46;
	objects = {

/* Begin PBXBuildFile section */
		433A65D3141943F700FFAC1A /* UIKit.framework in Frameworks */ = {isa = PBXBuildFile; fileRef = 433A65D2141943F700FFAC1A /* UIKit.framework */; };
		433A65D5141943F700FFAC1A /* Foundation.framework in Frameworks */ = {isa = PBXBuildFile; fileRef = 433A65D4141943F700FFAC1A /* Foundation.framework */; };
		433A65D7141943F700FFAC1A /* CoreGraphics.framework in Frameworks */ = {isa = PBXBuildFile; fileRef = 433A65D6141943F700FFAC1A /* CoreGraphics.framework */; };
		433A65DD141943F700FFAC1A /* InfoPlist.strings in Resources */ = {isa = PBXBuildFile; fileRef = 433A65DB141943F700FFAC1A /* InfoPlist.strings */; };
		433A65DF141943F700FFAC1A /* main.m in Sources */ = {isa = PBXBuildFile; fileRef = 433A65DE141943F700FFAC1A /* main.m */; };
		433A65E3141943F700FFAC1A /* AppDelegate.m in Sources */ = {isa = PBXBuildFile; fileRef = 433A65E2141943F700FFAC1A /* AppDelegate.m */; };
		433A65E6141943F700FFAC1A /* ViewController.m in Sources */ = {isa = PBXBuildFile; fileRef = 433A65E5141943F700FFAC1A /* ViewController.m */; };
		433A65E9141943F700FFAC1A /* ViewController.xib in Resources */ = {isa = PBXBuildFile; fileRef = 433A65E7141943F700FFAC1A /* ViewController.xib */; };
		433A65F11419447E00FFAC1A /* TestView.m in Sources */ = {isa = PBXBuildFile; fileRef = 433A65F01419447E00FFAC1A /* TestView.m */; };
/* End PBXBuildFile section */

/* Begin PBXFileReference section */
		433A65CE141943F700FFAC1A /* GraphicsStart.app */ = {isa = PBXFileReference; explicitFileType = wrapper.application; includeInIndex = 0; path = GraphicsStart.app; sourceTree = BUILT_PRODUCTS_DIR; };
		433A65D2141943F700FFAC1A /* UIKit.framework */ = {isa = PBXFileReference; lastKnownFileType = wrapper.framework; name = UIKit.framework; path = System/Library/Frameworks/UIKit.framework; sourceTree = SDKROOT; };
		433A65D4141943F700FFAC1A /* Foundation.framework */ = {isa = PBXFileReference; lastKnownFileType = wrapper.framework; name = Foundation.framework; path = System/Library/Frameworks/Foundation.framework; sourceTree = SDKROOT; };
		433A65D6141943F700FFAC1A /* CoreGraphics.framework */ = {isa = PBXFileReference; lastKnownFileType = wrapper.framework; name = CoreGraphics.framework; path = System/Library/Frameworks/CoreGraphics.framework; sourceTree = SDKROOT; };
		433A65DA141943F700FFAC1A /* GraphicsStart-Info.plist */ = {isa = PBXFileReference; lastKnownFileType = text.plist.xml; path = "GraphicsStart-Info.plist"; sourceTree = "<group>"; };
		433A65DC141943F700FFAC1A /* en */ = {isa = PBXFileReference; lastKnownFileType = text.plist.strings; name = en; path = en.lproj/InfoPlist.strings; sourceTree = "<group>"; };
		433A65DE141943F700FFAC1A /* main.m */ = {isa = PBXFileReference; lastKnownFileType = sourcecode.c.objc; path = main.m; sourceTree = "<group>"; };
		433A65E0141943F700FFAC1A /* GraphicsStart-Prefix.pch */ = {isa = PBXFileReference; lastKnownFileType = sourcecode.c.h; path = "GraphicsStart-Prefix.pch"; sourceTree = "<group>"; };
		433A65E1141943F700FFAC1A /* AppDelegate.h */ = {isa = PBXFileReference; lastKnownFileType = sourcecode.c.h; path = AppDelegate.h; sourceTree = "<group>"; };
		433A65E2141943F700FFAC1A /* AppDelegate.m */ = {isa = PBXFileReference; lastKnownFileType = sourcecode.c.objc; path = AppDelegate.m; sourceTree = "<group>"; };
		433A65E4141943F700FFAC1A /* ViewController.h */ = {isa = PBXFileReference; lastKnownFileType = sourcecode.c.h; path = ViewController.h; sourceTree = "<group>"; };
		433A65E5141943F700FFAC1A /* ViewController.m */ = {isa = PBXFileReference; lastKnownFileType = sourcecode.c.objc; path = ViewController.m; sourceTree = "<group>"; };
		433A65E8141943F700FFAC1A /* en */ = {isa = PBXFileReference; lastKnownFileType = file.xib; name = en; path = en.lproj/ViewController.xib; sourceTree = "<group>"; };
		433A65EF1419447E00FFAC1A /* TestView.h */ = {isa = PBXFileReference; fileEncoding = 4; lastKnownFileType = sourcecode.c.h; path = TestView.h; sourceTree = "<group>"; };
		433A65F01419447E00FFAC1A /* TestView.m */ = {isa = PBXFileReference; fileEncoding = 4; lastKnownFileType = sourcecode.c.objc; path = TestView.m; sourceTree = "<group>"; };
/* End PBXFileReference section */

/* Begin PBXFrameworksBuildPhase section */
		433A65CB141943F700FFAC1A /* Frameworks */ = {
			isa = PBXFrameworksBuildPhase;
			buildActionMask = 2147483647;
			files = (
				433A65D3141943F700FFAC1A /* UIKit.framework in Frameworks */,
				433A65D5141943F700FFAC1A /* Foundation.framework in Frameworks */,
				433A65D7141943F700FFAC1A /* CoreGraphics.framework in Frameworks */,
			);
			runOnlyForDeploymentPostprocessing = 0;
		};
/* End PBXFrameworksBuildPhase section */

/* Begin PBXGroup section */
		433A65C3141943F700FFAC1A = {
			isa = PBXGroup;
			children = (
				433A65D8141943F700FFAC1A /* GraphicsStart */,
				433A65D1141943F700FFAC1A /* Frameworks */,
				433A65CF141943F700FFAC1A /* Products */,
			);
			sourceTree = "<group>";
		};
		433A65CF141943F700FFAC1A /* Products */ = {
			isa = PBXGroup;
			children = (
				433A65CE141943F700FFAC1A /* GraphicsStart.app */,
			);
			name = Products;
			sourceTree = "<group>";
		};
		433A65D1141943F700FFAC1A /* Frameworks */ = {
			isa = PBXGroup;
			children = (
				433A65D2141943F700FFAC1A /* UIKit.framework */,
				433A65D4141943F700FFAC1A /* Foundation.framework */,
				433A65D6141943F700FFAC1A /* CoreGraphics.framework */,
			);
			name = Frameworks;
			sourceTree = "<group>";
		};
		433A65D8141943F700FFAC1A /* GraphicsStart */ = {
			isa = PBXGroup;
			children = (
				433A65E1141943F700FFAC1A /* AppDelegate.h */,
				433A65E2141943F700FFAC1A /* AppDelegate.m */,
				433A65E4141943F700FFAC1A /* ViewController.h */,
				433A65E5141943F700FFAC1A /* ViewController.m */,
				433A65E7141943F700FFAC1A /* ViewController.xib */,
				433A65D9141943F700FFAC1A /* Supporting Files */,
				433A65EF1419447E00FFAC1A /* TestView.h */,
				433A65F01419447E00FFAC1A /* TestView.m */,
			);
			path = GraphicsStart;
			sourceTree = "<group>";
		};
		433A65D9141943F700FFAC1A /* Supporting Files */ = {
			isa = PBXGroup;
			children = (
				433A65DA141943F700FFAC1A /* GraphicsStart-Info.plist */,
				433A65DB141943F700FFAC1A /* InfoPlist.strings */,
				433A65DE141943F700FFAC1A /* main.m */,
				433A65E0141943F700FFAC1A /* GraphicsStart-Prefix.pch */,
			);
			name = "Supporting Files";
			sourceTree = "<group>";
		};
/* End PBXGroup section */

/* Begin PBXNativeTarget section */
		433A65CD141943F700FFAC1A /* GraphicsStart */ = {
			isa = PBXNativeTarget;
			buildConfigurationList = 433A65EC141943F700FFAC1A /* Build configuration list for PBXNativeTarget "GraphicsStart" */;
			buildPhases = (
				433A65CA141943F700FFAC1A /* Sources */,
				433A65CB141943F700FFAC1A /* Frameworks */,
				433A65CC141943F700FFAC1A /* Resources */,
			);
			buildRules = (
			);
			dependencies = (
			);
			name = GraphicsStart;
			productName = GraphicsStart;
			productReference = 433A65CE141943F700FFAC1A /* GraphicsStart.app */;
			productType = "com.apple.product-type.application";
		};
/* End PBXNativeTarget section */

/* Begin PBXProject section */
		433A65C5141943F700FFAC1A /* Project object */ = {
			isa = PBXProject;
			attributes = {
				LastUpgradeCheck = 0420;
			};
			buildConfigurationList = 433A65C8141943F700FFAC1A /* Build configuration list for PBXProject "GraphicsStart" */;
			compatibilityVersion = "Xcode 3.2";
			developmentRegion = English;
			hasScannedForEncodings = 0;
			knownRegions = (
				en,
			);
			mainGroup = 433A65C3141943F700FFAC1A;
			productRefGroup = 433A65CF141943F700FFAC1A /* Products */;
			projectDirPath = "";
			projectRoot = "";
			targets = (
				433A65CD141943F700FFAC1A /* GraphicsStart */,
			);
		};
/* End PBXProject section */

/* Begin PBXResourcesBuildPhase section */
		433A65CC141943F700FFAC1A /* Resources */ = {
			isa = PBXResourcesBuildPhase;
			buildActionMask = 2147483647;
			files = (
				433A65DD141943F700FFAC1A /* InfoPlist.strings in Resources */,
				433A65E9141943F700FFAC1A /* ViewController.xib in Resources */,
			);
			runOnlyForDeploymentPostprocessing = 0;
		};
/* End PBXResourcesBuildPhase section */

/* Begin PBXSourcesBuildPhase section */
		433A65CA141943F700FFAC1A /* Sources */ = {
			isa = PBXSourcesBuildPhase;
			buildActionMask = 2147483647;
			files = (
				433A65DF141943F700FFAC1A /* main.m in Sources */,
				433A65E3141943F700FFAC1A /* AppDelegate.m in Sources */,
				433A65E6141943F700FFAC1A /* ViewController.m in Sources */,
				433A65F11419447E00FFAC1A /* TestView.m in Sources */,
			);
			runOnlyForDeploymentPostprocessing = 0;
		};
/* End PBXSourcesBuildPhase section */

/* Begin PBXVariantGroup section */
		433A65DB141943F700FFAC1A /* InfoPlist.strings */ = {
			isa = PBXVariantGroup;
			children = (
				433A65DC141943F700FFAC1A /* en */,
			);
			name = InfoPlist.strings;
			sourceTree = "<group>";
		};
		433A65E7141943F700FFAC1A /* ViewController.xib */ = {
			isa = PBXVariantGroup;
			children = (
				433A65E8141943F700FFAC1A /* en */,
			);
			name = ViewController.xib;
			sourceTree = "<group>";
		};
/* End PBXVariantGroup section */

/* Begin XCBuildConfiguration section */
		433A65EA141943F700FFAC1A /* Debug */ = {
			isa = XCBuildConfiguration;
			buildSettings = {
				ALWAYS_SEARCH_USER_PATHS = NO;
				ARCHS = "$(ARCHS_STANDARD_32_BIT)";
				CLANG_ENABLE_OBJC_ARC = YES;
				"CODE_SIGN_IDENTITY[sdk=iphoneos*]" = "iPhone Developer";
				COPY_PHASE_STRIP = NO;
				GCC_C_LANGUAGE_STANDARD = gnu99;
				GCC_DYNAMIC_NO_PIC = NO;
				GCC_OPTIMIZATION_LEVEL = 0;
				GCC_PREPROCESSOR_DEFINITIONS = (
					"DEBUG=1",
					"$(inherited)",
				);
				GCC_SYMBOLS_PRIVATE_EXTERN = NO;
				GCC_VERSION = com.apple.compilers.llvm.clang.1_0;
				GCC_WARN_ABOUT_MISSING_PROTOTYPES = YES;
				GCC_WARN_ABOUT_RETURN_TYPE = YES;
				GCC_WARN_UNUSED_VARIABLE = YES;
				IPHONEOS_DEPLOYMENT_TARGET = 5.0;
				SDKROOT = iphoneos;
			};
			name = Debug;
		};
		433A65EB141943F700FFAC1A /* Release */ = {
			isa = XCBuildConfiguration;
			buildSettings = {
				ALWAYS_SEARCH_USER_PATHS = NO;
				ARCHS = "$(ARCHS_STANDARD_32_BIT)";
				CLANG_ENABLE_OBJC_ARC = YES;
				"CODE_SIGN_IDENTITY[sdk=iphoneos*]" = "iPhone Developer";
				COPY_PHASE_STRIP = YES;
				GCC_C_LANGUAGE_STANDARD = gnu99;
				GCC_VERSION = com.apple.compilers.llvm.clang.1_0;
				GCC_WARN_ABOUT_MISSING_PROTOTYPES = YES;
				GCC_WARN_ABOUT_RETURN_TYPE = YES;
				GCC_WARN_UNUSED_VARIABLE = YES;
				IPHONEOS_DEPLOYMENT_TARGET = 5.0;
				OTHER_CFLAGS = "-DNS_BLOCK_ASSERTIONS=1";
				SDKROOT = iphoneos;
				VALIDATE_PRODUCT = YES;
			};
			name = Release;
		};
		433A65ED141943F700FFAC1A /* Debug */ = {
			isa = XCBuildConfiguration;
			buildSettings = {
				GCC_PRECOMPILE_PREFIX_HEADER = YES;
				GCC_PREFIX_HEADER = "GraphicsStart/GraphicsStart-Prefix.pch";
				INFOPLIST_FILE = "GraphicsStart/GraphicsStart-Info.plist";
				PRODUCT_NAME = "$(TARGET_NAME)";
				WRAPPER_EXTENSION = app;
			};
			name = Debug;
		};
		433A65EE141943F700FFAC1A /* Release */ = {
			isa = XCBuildConfiguration;
			buildSettings = {
				GCC_PRECOMPILE_PREFIX_HEADER = YES;
				GCC_PREFIX_HEADER = "GraphicsStart/GraphicsStart-Prefix.pch";
				INFOPLIST_FILE = "GraphicsStart/GraphicsStart-Info.plist";
				PRODUCT_NAME = "$(TARGET_NAME)";
				WRAPPER_EXTENSION = app;
			};
			name = Release;
		};
/* End XCBuildConfiguration section */

/* Begin XCConfigurationList section */
		433A65C8141943F700FFAC1A /* Build configuration list for PBXProject "GraphicsStart" */ = {
			isa = XCConfigurationList;
			buildConfigurations = (
				433A65EA141943F700FFAC1A /* Debug */,
				433A65EB141943F700FFAC1A /* Release */,
			);
			defaultConfigurationIsVisible = 0;
			defaultConfigurationName = Release;
		};
		433A65EC141943F700FFAC1A /* Build configuration list for PBXNativeTarget "GraphicsStart" */ = {
			isa = XCConfigurationList;
			buildConfigurations = (
				433A65ED141943F700FFAC1A /* Debug */,
				433A65EE141943F700FFAC1A /* Release */,
			);
			defaultConfigurationIsVisible = 0;
			defaultConfigurationName = Release;
		};
/* End XCConfigurationList section */
	};
	rootObject = 433A65C5141943F700FFAC1A /* Project object */;
}
