// !$*UTF8*$!
{
	archiveVersion = 1;
	classes = {
	};
	objectVersion = 46;
	objects = {

/* Begin PBXBuildFile section */
		4315268813E876580029A1F5 /* UIKit.framework in Frameworks */ = {isa = PBXBuildFile; fileRef = 4315268713E876580029A1F5 /* UIKit.framework */; };
		4315268A13E876580029A1F5 /* Foundation.framework in Frameworks */ = {isa = PBXBuildFile; fileRef = 4315268913E876580029A1F5 /* Foundation.framework */; };
		4315268C13E876580029A1F5 /* CoreGraphics.framework in Frameworks */ = {isa = PBXBuildFile; fileRef = 4315268B13E876580029A1F5 /* CoreGraphics.framework */; };
		4315269213E876580029A1F5 /* InfoPlist.strings in Resources */ = {isa = PBXBuildFile; fileRef = 4315269013E876580029A1F5 /* InfoPlist.strings */; };
		4315269413E876580029A1F5 /* main.m in Sources */ = {isa = PBXBuildFile; fileRef = 4315269313E876580029A1F5 /* main.m */; };
		4315269813E876580029A1F5 /* ExerciseAppDelegate.m in Sources */ = {isa = PBXBuildFile; fileRef = 4315269713E876580029A1F5 /* ExerciseAppDelegate.m */; };
		4315269B13E876580029A1F5 /* ExerciseViewController.m in Sources */ = {isa = PBXBuildFile; fileRef = 4315269A13E876580029A1F5 /* ExerciseViewController.m */; };
		4315269E13E876580029A1F5 /* ExerciseViewController.xib in Resources */ = {isa = PBXBuildFile; fileRef = 4315269C13E876580029A1F5 /* ExerciseViewController.xib */; };
/* End PBXBuildFile section */

/* Begin PBXFileReference section */
		4315268313E876580029A1F5 /* Exercise.app */ = {isa = PBXFileReference; explicitFileType = wrapper.application; includeInIndex = 0; path = Exercise.app; sourceTree = BUILT_PRODUCTS_DIR; };
		4315268713E876580029A1F5 /* UIKit.framework */ = {isa = PBXFileReference; lastKnownFileType = wrapper.framework; name = UIKit.framework; path = System/Library/Frameworks/UIKit.framework; sourceTree = SDKROOT; };
		4315268913E876580029A1F5 /* Foundation.framework */ = {isa = PBXFileReference; lastKnownFileType = wrapper.framework; name = Foundation.framework; path = System/Library/Frameworks/Foundation.framework; sourceTree = SDKROOT; };
		4315268B13E876580029A1F5 /* CoreGraphics.framework */ = {isa = PBXFileReference; lastKnownFileType = wrapper.framework; name = CoreGraphics.framework; path = System/Library/Frameworks/CoreGraphics.framework; sourceTree = SDKROOT; };
		4315268F13E876580029A1F5 /* Exercise-Info.plist */ = {isa = PBXFileReference; lastKnownFileType = text.plist.xml; path = "Exercise-Info.plist"; sourceTree = "<group>"; };
		4315269113E876580029A1F5 /* en */ = {isa = PBXFileReference; lastKnownFileType = text.plist.strings; name = en; path = en.lproj/InfoPlist.strings; sourceTree = "<group>"; };
		4315269313E876580029A1F5 /* main.m */ = {isa = PBXFileReference; lastKnownFileType = sourcecode.c.objc; path = main.m; sourceTree = "<group>"; };
		4315269513E876580029A1F5 /* Exercise-Prefix.pch */ = {isa = PBXFileReference; lastKnownFileType = sourcecode.c.h; path = "Exercise-Prefix.pch"; sourceTree = "<group>"; };
		4315269613E876580029A1F5 /* ExerciseAppDelegate.h */ = {isa = PBXFileReference; lastKnownFileType = sourcecode.c.h; path = ExerciseAppDelegate.h; sourceTree = "<group>"; };
		4315269713E876580029A1F5 /* ExerciseAppDelegate.m */ = {isa = PBXFileReference; lastKnownFileType = sourcecode.c.objc; path = ExerciseAppDelegate.m; sourceTree = "<group>"; };
		4315269913E876580029A1F5 /* ExerciseViewController.h */ = {isa = PBXFileReference; lastKnownFileType = sourcecode.c.h; path = ExerciseViewController.h; sourceTree = "<group>"; };
		4315269A13E876580029A1F5 /* ExerciseViewController.m */ = {isa = PBXFileReference; lastKnownFileType = sourcecode.c.objc; path = ExerciseViewController.m; sourceTree = "<group>"; };
		4315269D13E876580029A1F5 /* en */ = {isa = PBXFileReference; lastKnownFileType = file.xib; name = en; path = en.lproj/ExerciseViewController.xib; sourceTree = "<group>"; };
/* End PBXFileReference section */

/* Begin PBXFrameworksBuildPhase section */
		4315268013E876580029A1F5 /* Frameworks */ = {
			isa = PBXFrameworksBuildPhase;
			buildActionMask = 2147483647;
			files = (
				4315268813E876580029A1F5 /* UIKit.framework in Frameworks */,
				4315268A13E876580029A1F5 /* Foundation.framework in Frameworks */,
				4315268C13E876580029A1F5 /* CoreGraphics.framework in Frameworks */,
			);
			runOnlyForDeploymentPostprocessing = 0;
		};
/* End PBXFrameworksBuildPhase section */

/* Begin PBXGroup section */
		4315267813E876580029A1F5 = {
			isa = PBXGroup;
			children = (
				4315268D13E876580029A1F5 /* Exercise */,
				4315268613E876580029A1F5 /* Frameworks */,
				4315268413E876580029A1F5 /* Products */,
			);
			sourceTree = "<group>";
		};
		4315268413E876580029A1F5 /* Products */ = {
			isa = PBXGroup;
			children = (
				4315268313E876580029A1F5 /* Exercise.app */,
			);
			name = Products;
			sourceTree = "<group>";
		};
		4315268613E876580029A1F5 /* Frameworks */ = {
			isa = PBXGroup;
			children = (
				4315268713E876580029A1F5 /* UIKit.framework */,
				4315268913E876580029A1F5 /* Foundation.framework */,
				4315268B13E876580029A1F5 /* CoreGraphics.framework */,
			);
			name = Frameworks;
			sourceTree = "<group>";
		};
		4315268D13E876580029A1F5 /* Exercise */ = {
			isa = PBXGroup;
			children = (
				4315269613E876580029A1F5 /* ExerciseAppDelegate.h */,
				4315269713E876580029A1F5 /* ExerciseAppDelegate.m */,
				4315269913E876580029A1F5 /* ExerciseViewController.h */,
				4315269A13E876580029A1F5 /* ExerciseViewController.m */,
				4315269C13E876580029A1F5 /* ExerciseViewController.xib */,
				4315268E13E876580029A1F5 /* Supporting Files */,
			);
			path = Exercise;
			sourceTree = "<group>";
		};
		4315268E13E876580029A1F5 /* Supporting Files */ = {
			isa = PBXGroup;
			children = (
				4315268F13E876580029A1F5 /* Exercise-Info.plist */,
				4315269013E876580029A1F5 /* InfoPlist.strings */,
				4315269313E876580029A1F5 /* main.m */,
				4315269513E876580029A1F5 /* Exercise-Prefix.pch */,
			);
			name = "Supporting Files";
			sourceTree = "<group>";
		};
/* End PBXGroup section */

/* Begin PBXNativeTarget section */
		4315268213E876580029A1F5 /* Exercise */ = {
			isa = PBXNativeTarget;
			buildConfigurationList = 431526A113E876580029A1F5 /* Build configuration list for PBXNativeTarget "Exercise" */;
			buildPhases = (
				4315267F13E876580029A1F5 /* Sources */,
				4315268013E876580029A1F5 /* Frameworks */,
				4315268113E876580029A1F5 /* Resources */,
			);
			buildRules = (
			);
			dependencies = (
			);
			name = Exercise;
			productName = Exercise;
			productReference = 4315268313E876580029A1F5 /* Exercise.app */;
			productType = "com.apple.product-type.application";
		};
/* End PBXNativeTarget section */

/* Begin PBXProject section */
		4315267A13E876580029A1F5 /* Project object */ = {
			isa = PBXProject;
			attributes = {
				LastUpgradeCheck = 0420;
			};
			buildConfigurationList = 4315267D13E876580029A1F5 /* Build configuration list for PBXProject "Exercise" */;
			compatibilityVersion = "Xcode 3.2";
			developmentRegion = English;
			hasScannedForEncodings = 0;
			knownRegions = (
				en,
			);
			mainGroup = 4315267813E876580029A1F5;
			productRefGroup = 4315268413E876580029A1F5 /* Products */;
			projectDirPath = "";
			projectRoot = "";
			targets = (
				4315268213E876580029A1F5 /* Exercise */,
			);
		};
/* End PBXProject section */

/* Begin PBXResourcesBuildPhase section */
		4315268113E876580029A1F5 /* Resources */ = {
			isa = PBXResourcesBuildPhase;
			buildActionMask = 2147483647;
			files = (
				4315269213E876580029A1F5 /* InfoPlist.strings in Resources */,
				4315269E13E876580029A1F5 /* ExerciseViewController.xib in Resources */,
			);
			runOnlyForDeploymentPostprocessing = 0;
		};
/* End PBXResourcesBuildPhase section */

/* Begin PBXSourcesBuildPhase section */
		4315267F13E876580029A1F5 /* Sources */ = {
			isa = PBXSourcesBuildPhase;
			buildActionMask = 2147483647;
			files = (
				4315269413E876580029A1F5 /* main.m in Sources */,
				4315269813E876580029A1F5 /* ExerciseAppDelegate.m in Sources */,
				4315269B13E876580029A1F5 /* ExerciseViewController.m in Sources */,
			);
			runOnlyForDeploymentPostprocessing = 0;
		};
/* End PBXSourcesBuildPhase section */

/* Begin PBXVariantGroup section */
		4315269013E876580029A1F5 /* InfoPlist.strings */ = {
			isa = PBXVariantGroup;
			children = (
				4315269113E876580029A1F5 /* en */,
			);
			name = InfoPlist.strings;
			sourceTree = "<group>";
		};
		4315269C13E876580029A1F5 /* ExerciseViewController.xib */ = {
			isa = PBXVariantGroup;
			children = (
				4315269D13E876580029A1F5 /* en */,
			);
			name = ExerciseViewController.xib;
			sourceTree = "<group>";
		};
/* End PBXVariantGroup section */

/* Begin XCBuildConfiguration section */
		4315269F13E876580029A1F5 /* Debug */ = {
			isa = XCBuildConfiguration;
			buildSettings = {
				ALWAYS_SEARCH_USER_PATHS = NO;
				ARCHS = "$(ARCHS_STANDARD_32_BIT)";
				CLANG_ENABLE_OBJC_ARC = YES;
				"CODE_SIGN_IDENTITY[sdk=iphoneos*]" = "iPhone Developer";
				COPY_PHASE_STRIP = NO;
				GCC_C_LANGUAGE_STANDARD = gnu99;
				GCC_DYNAMIC_NO_PIC = NO;
				GCC_OPTIMIZATION_LEVEL = 0;
				GCC_PREPROCESSOR_DEFINITIONS = (
					"DEBUG=1",
					"$(inherited)",
				);
				GCC_SYMBOLS_PRIVATE_EXTERN = NO;
				GCC_VERSION = com.apple.compilers.llvm.clang.1_0;
				GCC_WARN_ABOUT_MISSING_PROTOTYPES = YES;
				GCC_WARN_ABOUT_RETURN_TYPE = YES;
				GCC_WARN_UNUSED_VARIABLE = YES;
				IPHONEOS_DEPLOYMENT_TARGET = 5.0;
				SDKROOT = iphoneos;
			};
			name = Debug;
		};
		431526A013E876580029A1F5 /* Release */ = {
			isa = XCBuildConfiguration;
			buildSettings = {
				ALWAYS_SEARCH_USER_PATHS = NO;
				ARCHS = "$(ARCHS_STANDARD_32_BIT)";
				CLANG_ENABLE_OBJC_ARC = YES;
				"CODE_SIGN_IDENTITY[sdk=iphoneos*]" = "iPhone Developer";
				COPY_PHASE_STRIP = YES;
				GCC_C_LANGUAGE_STANDARD = gnu99;
				GCC_VERSION = com.apple.compilers.llvm.clang.1_0;
				GCC_WARN_ABOUT_MISSING_PROTOTYPES = YES;
				GCC_WARN_ABOUT_RETURN_TYPE = YES;
				GCC_WARN_UNUSED_VARIABLE = YES;
				IPHONEOS_DEPLOYMENT_TARGET = 5.0;
				OTHER_CFLAGS = "-DNS_BLOCK_ASSERTIONS=1";
				SDKROOT = iphoneos;
				VALIDATE_PRODUCT = YES;
			};
			name = Release;
		};
		431526A213E876580029A1F5 /* Debug */ = {
			isa = XCBuildConfiguration;
			buildSettings = {
				GCC_PRECOMPILE_PREFIX_HEADER = YES;
				GCC_PREFIX_HEADER = "Exercise/Exercise-Prefix.pch";
				INFOPLIST_FILE = "Exercise/Exercise-Info.plist";
				PRODUCT_NAME = "$(TARGET_NAME)";
				WRAPPER_EXTENSION = app;
			};
			name = Debug;
		};
		431526A313E876580029A1F5 /* Release */ = {
			isa = XCBuildConfiguration;
			buildSettings = {
				GCC_PRECOMPILE_PREFIX_HEADER = YES;
				GCC_PREFIX_HEADER = "Exercise/Exercise-Prefix.pch";
				INFOPLIST_FILE = "Exercise/Exercise-Info.plist";
				PRODUCT_NAME = "$(TARGET_NAME)";
				WRAPPER_EXTENSION = app;
			};
			name = Release;
		};
/* End XCBuildConfiguration section */

/* Begin XCConfigurationList section */
		4315267D13E876580029A1F5 /* Build configuration list for PBXProject "Exercise" */ = {
			isa = XCConfigurationList;
			buildConfigurations = (
				4315269F13E876580029A1F5 /* Debug */,
				431526A013E876580029A1F5 /* Release */,
			);
			defaultConfigurationIsVisible = 0;
			defaultConfigurationName = Release;
		};
		431526A113E876580029A1F5 /* Build configuration list for PBXNativeTarget "Exercise" */ = {
			isa = XCConfigurationList;
			buildConfigurations = (
				431526A213E876580029A1F5 /* Debug */,
				431526A313E876580029A1F5 /* Release */,
			);
			defaultConfigurationIsVisible = 0;
		};
/* End XCConfigurationList section */
	};
	rootObject = 4315267A13E876580029A1F5 /* Project object */;
}
