// !$*UTF8*$!
{
	archiveVersion = 1;
	classes = {
	};
	objectVersion = 46;
	objects = {

/* Begin PBXBuildFile section */
		43A6F8C11340F7A100818791 /* main.c in Sources */ = {isa = PBXBuildFile; fileRef = 43A6F8C01340F7A100818791 /* main.c */; };
/* End PBXBuildFile section */

/* Begin PBXCopyFilesBuildPhase section */
		43A6F8BA1340F7A000818791 /* CopyFiles */ = {
			isa = PBXCopyFilesBuildPhase;
			buildActionMask = 2147483647;
			dstPath = /usr/share/man/man1/;
			dstSubfolderSpec = 0;
			files = (
			);
			runOnlyForDeploymentPostprocessing = 1;
		};
/* End PBXCopyFilesBuildPhase section */

/* Begin PBXFileReference section */
		43A6F8BC1340F7A100818791 /* Acey */ = {isa = PBXFileReference; explicitFileType = "compiled.mach-o.executable"; includeInIndex = 0; path = Acey; sourceTree = BUILT_PRODUCTS_DIR; };
		43A6F8C01340F7A100818791 /* main.c */ = {isa = PBXFileReference; lastKnownFileType = sourcecode.c.c; path = main.c; sourceTree = "<group>"; };
		43A6F8C21340F7A100818791 /* Acey.1 */ = {isa = PBXFileReference; lastKnownFileType = text.man; path = Acey.1; sourceTree = "<group>"; };
/* End PBXFileReference section */

/* Begin PBXFrameworksBuildPhase section */
		43A6F8B91340F7A000818791 /* Frameworks */ = {
			isa = PBXFrameworksBuildPhase;
			buildActionMask = 2147483647;
			files = (
			);
			runOnlyForDeploymentPostprocessing = 0;
		};
/* End PBXFrameworksBuildPhase section */

/* Begin PBXGroup section */
		43A6F8B11340F79C00818791 = {
			isa = PBXGroup;
			children = (
				43A6F8BF1340F7A100818791 /* Acey */,
				43A6F8BD1340F7A100818791 /* Products */,
			);
			sourceTree = "<group>";
		};
		43A6F8BD1340F7A100818791 /* Products */ = {
			isa = PBXGroup;
			children = (
				43A6F8BC1340F7A100818791 /* Acey */,
			);
			name = Products;
			sourceTree = "<group>";
		};
		43A6F8BF1340F7A100818791 /* Acey */ = {
			isa = PBXGroup;
			children = (
				43A6F8C01340F7A100818791 /* main.c */,
				43A6F8C21340F7A100818791 /* Acey.1 */,
			);
			path = Acey;
			sourceTree = "<group>";
		};
/* End PBXGroup section */

/* Begin PBXNativeTarget section */
		43A6F8BB1340F7A000818791 /* Acey */ = {
			isa = PBXNativeTarget;
			buildConfigurationList = 43A6F8C51340F7A100818791 /* Build configuration list for PBXNativeTarget "Acey" */;
			buildPhases = (
				43A6F8B81340F7A000818791 /* Sources */,
				43A6F8B91340F7A000818791 /* Frameworks */,
				43A6F8BA1340F7A000818791 /* CopyFiles */,
			);
			buildRules = (
			);
			dependencies = (
			);
			name = Acey;
			productName = Acey;
			productReference = 43A6F8BC1340F7A100818791 /* Acey */;
			productType = "com.apple.product-type.tool";
		};
/* End PBXNativeTarget section */

/* Begin PBXProject section */
		43A6F8B31340F79D00818791 /* Project object */ = {
			isa = PBXProject;
			attributes = {
				LastUpgradeCheck = 0420;
			};
			buildConfigurationList = 43A6F8B61340F79E00818791 /* Build configuration list for PBXProject "Acey" */;
			compatibilityVersion = "Xcode 3.2";
			developmentRegion = English;
			hasScannedForEncodings = 0;
			knownRegions = (
				en,
			);
			mainGroup = 43A6F8B11340F79C00818791;
			productRefGroup = 43A6F8BD1340F7A100818791 /* Products */;
			projectDirPath = "";
			projectRoot = "";
			targets = (
				43A6F8BB1340F7A000818791 /* Acey */,
			);
		};
/* End PBXProject section */

/* Begin PBXSourcesBuildPhase section */
		43A6F8B81340F7A000818791 /* Sources */ = {
			isa = PBXSourcesBuildPhase;
			buildActionMask = 2147483647;
			files = (
				43A6F8C11340F7A100818791 /* main.c in Sources */,
			);
			runOnlyForDeploymentPostprocessing = 0;
		};
/* End PBXSourcesBuildPhase section */

/* Begin XCBuildConfiguration section */
		43A6F8C31340F7A100818791 /* Debug */ = {
			isa = XCBuildConfiguration;
			buildSettings = {
				ARCHS = "$(ARCHS_STANDARD_32_64_BIT)";
				GCC_C_LANGUAGE_STANDARD = gnu99;
				GCC_OPTIMIZATION_LEVEL = 0;
				GCC_PREPROCESSOR_DEFINITIONS = DEBUG;
				GCC_SYMBOLS_PRIVATE_EXTERN = NO;
				GCC_VERSION = com.apple.compilers.llvm.clang.1_0;
				GCC_WARN_64_TO_32_BIT_CONVERSION = YES;
				GCC_WARN_ABOUT_RETURN_TYPE = YES;
				GCC_WARN_UNUSED_VARIABLE = YES;
				MACOSX_DEPLOYMENT_TARGET = 10.6;
				ONLY_ACTIVE_ARCH = YES;
				SDKROOT = macosx;
			};
			name = Debug;
		};
		43A6F8C41340F7A100818791 /* Release */ = {
			isa = XCBuildConfiguration;
			buildSettings = {
				ARCHS = "$(ARCHS_STANDARD_32_64_BIT)";
				GCC_C_LANGUAGE_STANDARD = gnu99;
				GCC_VERSION = com.apple.compilers.llvm.clang.1_0;
				GCC_WARN_64_TO_32_BIT_CONVERSION = YES;
				GCC_WARN_ABOUT_RETURN_TYPE = YES;
				GCC_WARN_UNUSED_VARIABLE = YES;
				MACOSX_DEPLOYMENT_TARGET = 10.6;
				SDKROOT = macosx;
			};
			name = Release;
		};
		43A6F8C61340F7A100818791 /* Debug */ = {
			isa = XCBuildConfiguration;
			buildSettings = {
				ALWAYS_SEARCH_USER_PATHS = NO;
				COPY_PHASE_STRIP = NO;
				GCC_DYNAMIC_NO_PIC = NO;
				GCC_ENABLE_OBJC_EXCEPTIONS = YES;
				PRODUCT_NAME = "$(TARGET_NAME)";
			};
			name = Debug;
		};
		43A6F8C71340F7A100818791 /* Release */ = {
			isa = XCBuildConfiguration;
			buildSettings = {
				ALWAYS_SEARCH_USER_PATHS = NO;
				COPY_PHASE_STRIP = YES;
				DEBUG_INFORMATION_FORMAT = "dwarf-with-dsym";
				GCC_ENABLE_OBJC_EXCEPTIONS = YES;
				PRODUCT_NAME = "$(TARGET_NAME)";
			};
			name = Release;
		};
/* End XCBuildConfiguration section */

/* Begin XCConfigurationList section */
		43A6F8B61340F79E00818791 /* Build configuration list for PBXProject "Acey" */ = {
			isa = XCConfigurationList;
			buildConfigurations = (
				43A6F8C31340F7A100818791 /* Debug */,
				43A6F8C41340F7A100818791 /* Release */,
			);
			defaultConfigurationIsVisible = 0;
			defaultConfigurationName = Release;
		};
		43A6F8C51340F7A100818791 /* Build configuration list for PBXNativeTarget "Acey" */ = {
			isa = XCConfigurationList;
			buildConfigurations = (
				43A6F8C61340F7A100818791 /* Debug */,
				43A6F8C71340F7A100818791 /* Release */,
			);
			defaultConfigurationIsVisible = 0;
			defaultConfigurationName = Release;
		};
/* End XCConfigurationList section */
	};
	rootObject = 43A6F8B31340F79D00818791 /* Project object */;
}
