// !$*UTF8*$!
{
	archiveVersion = 1;
	classes = {
	};
	objectVersion = 46;
	objects = {

/* Begin PBXBuildFile section */
		4388DC9B1420E93200B428ED /* UIKit.framework in Frameworks */ = {isa = PBXBuildFile; fileRef = 4388DC9A1420E93200B428ED /* UIKit.framework */; };
		4388DC9D1420E93200B428ED /* Foundation.framework in Frameworks */ = {isa = PBXBuildFile; fileRef = 4388DC9C1420E93200B428ED /* Foundation.framework */; };
		4388DC9F1420E93200B428ED /* CoreGraphics.framework in Frameworks */ = {isa = PBXBuildFile; fileRef = 4388DC9E1420E93200B428ED /* CoreGraphics.framework */; };
		4388DCA51420E93200B428ED /* InfoPlist.strings in Resources */ = {isa = PBXBuildFile; fileRef = 4388DCA31420E93200B428ED /* InfoPlist.strings */; };
		4388DCA71420E93200B428ED /* main.m in Sources */ = {isa = PBXBuildFile; fileRef = 4388DCA61420E93200B428ED /* main.m */; };
		4388DCAB1420E93200B428ED /* AppDelegate.m in Sources */ = {isa = PBXBuildFile; fileRef = 4388DCAA1420E93200B428ED /* AppDelegate.m */; };
		4388DCAE1420E93200B428ED /* ViewController.m in Sources */ = {isa = PBXBuildFile; fileRef = 4388DCAD1420E93200B428ED /* ViewController.m */; };
		4388DCB11420E93200B428ED /* ViewController.xib in Resources */ = {isa = PBXBuildFile; fileRef = 4388DCAF1420E93200B428ED /* ViewController.xib */; };
		4388DCC21420E95E00B428ED /* Clock1.png in Resources */ = {isa = PBXBuildFile; fileRef = 4388DCB81420E95E00B428ED /* Clock1.png */; };
		4388DCC31420E95E00B428ED /* Clock2.png in Resources */ = {isa = PBXBuildFile; fileRef = 4388DCB91420E95E00B428ED /* Clock2.png */; };
		4388DCC41420E95E00B428ED /* Clock3.png in Resources */ = {isa = PBXBuildFile; fileRef = 4388DCBA1420E95E00B428ED /* Clock3.png */; };
		4388DCC51420E95E00B428ED /* Clock4.png in Resources */ = {isa = PBXBuildFile; fileRef = 4388DCBB1420E95E00B428ED /* Clock4.png */; };
		4388DCC61420E95E00B428ED /* Clock5.png in Resources */ = {isa = PBXBuildFile; fileRef = 4388DCBC1420E95E00B428ED /* Clock5.png */; };
		4388DCC71420E95E00B428ED /* Clock6.png in Resources */ = {isa = PBXBuildFile; fileRef = 4388DCBD1420E95E00B428ED /* Clock6.png */; };
		4388DCC81420E95E00B428ED /* Clock7.png in Resources */ = {isa = PBXBuildFile; fileRef = 4388DCBE1420E95E00B428ED /* Clock7.png */; };
		4388DCC91420E95E00B428ED /* Clock8.png in Resources */ = {isa = PBXBuildFile; fileRef = 4388DCBF1420E95E00B428ED /* Clock8.png */; };
		4388DCCA1420E95E00B428ED /* Clock9.png in Resources */ = {isa = PBXBuildFile; fileRef = 4388DCC01420E95E00B428ED /* Clock9.png */; };
		4388DCCB1420E95E00B428ED /* Clock10.png in Resources */ = {isa = PBXBuildFile; fileRef = 4388DCC11420E95E00B428ED /* Clock10.png */; };
/* End PBXBuildFile section */

/* Begin PBXFileReference section */
		4388DC961420E93200B428ED /* ImageAnimation.app */ = {isa = PBXFileReference; explicitFileType = wrapper.application; includeInIndex = 0; path = ImageAnimation.app; sourceTree = BUILT_PRODUCTS_DIR; };
		4388DC9A1420E93200B428ED /* UIKit.framework */ = {isa = PBXFileReference; lastKnownFileType = wrapper.framework; name = UIKit.framework; path = System/Library/Frameworks/UIKit.framework; sourceTree = SDKROOT; };
		4388DC9C1420E93200B428ED /* Foundation.framework */ = {isa = PBXFileReference; lastKnownFileType = wrapper.framework; name = Foundation.framework; path = System/Library/Frameworks/Foundation.framework; sourceTree = SDKROOT; };
		4388DC9E1420E93200B428ED /* CoreGraphics.framework */ = {isa = PBXFileReference; lastKnownFileType = wrapper.framework; name = CoreGraphics.framework; path = System/Library/Frameworks/CoreGraphics.framework; sourceTree = SDKROOT; };
		4388DCA21420E93200B428ED /* ImageAnimation-Info.plist */ = {isa = PBXFileReference; lastKnownFileType = text.plist.xml; path = "ImageAnimation-Info.plist"; sourceTree = "<group>"; };
		4388DCA41420E93200B428ED /* en */ = {isa = PBXFileReference; lastKnownFileType = text.plist.strings; name = en; path = en.lproj/InfoPlist.strings; sourceTree = "<group>"; };
		4388DCA61420E93200B428ED /* main.m */ = {isa = PBXFileReference; lastKnownFileType = sourcecode.c.objc; path = main.m; sourceTree = "<group>"; };
		4388DCA81420E93200B428ED /* ImageAnimation-Prefix.pch */ = {isa = PBXFileReference; lastKnownFileType = sourcecode.c.h; path = "ImageAnimation-Prefix.pch"; sourceTree = "<group>"; };
		4388DCA91420E93200B428ED /* AppDelegate.h */ = {isa = PBXFileReference; lastKnownFileType = sourcecode.c.h; path = AppDelegate.h; sourceTree = "<group>"; };
		4388DCAA1420E93200B428ED /* AppDelegate.m */ = {isa = PBXFileReference; lastKnownFileType = sourcecode.c.objc; path = AppDelegate.m; sourceTree = "<group>"; };
		4388DCAC1420E93200B428ED /* ViewController.h */ = {isa = PBXFileReference; lastKnownFileType = sourcecode.c.h; path = ViewController.h; sourceTree = "<group>"; };
		4388DCAD1420E93200B428ED /* ViewController.m */ = {isa = PBXFileReference; lastKnownFileType = sourcecode.c.objc; path = ViewController.m; sourceTree = "<group>"; };
		4388DCB01420E93200B428ED /* en */ = {isa = PBXFileReference; lastKnownFileType = file.xib; name = en; path = en.lproj/ViewController.xib; sourceTree = "<group>"; };
		4388DCB81420E95E00B428ED /* Clock1.png */ = {isa = PBXFileReference; lastKnownFileType = image.png; path = Clock1.png; sourceTree = "<group>"; };
		4388DCB91420E95E00B428ED /* Clock2.png */ = {isa = PBXFileReference; lastKnownFileType = image.png; path = Clock2.png; sourceTree = "<group>"; };
		4388DCBA1420E95E00B428ED /* Clock3.png */ = {isa = PBXFileReference; lastKnownFileType = image.png; path = Clock3.png; sourceTree = "<group>"; };
		4388DCBB1420E95E00B428ED /* Clock4.png */ = {isa = PBXFileReference; lastKnownFileType = image.png; path = Clock4.png; sourceTree = "<group>"; };
		4388DCBC1420E95E00B428ED /* Clock5.png */ = {isa = PBXFileReference; lastKnownFileType = image.png; path = Clock5.png; sourceTree = "<group>"; };
		4388DCBD1420E95E00B428ED /* Clock6.png */ = {isa = PBXFileReference; lastKnownFileType = image.png; path = Clock6.png; sourceTree = "<group>"; };
		4388DCBE1420E95E00B428ED /* Clock7.png */ = {isa = PBXFileReference; lastKnownFileType = image.png; path = Clock7.png; sourceTree = "<group>"; };
		4388DCBF1420E95E00B428ED /* Clock8.png */ = {isa = PBXFileReference; lastKnownFileType = image.png; path = Clock8.png; sourceTree = "<group>"; };
		4388DCC01420E95E00B428ED /* Clock9.png */ = {isa = PBXFileReference; lastKnownFileType = image.png; path = Clock9.png; sourceTree = "<group>"; };
		4388DCC11420E95E00B428ED /* Clock10.png */ = {isa = PBXFileReference; lastKnownFileType = image.png; path = Clock10.png; sourceTree = "<group>"; };
/* End PBXFileReference section */

/* Begin PBXFrameworksBuildPhase section */
		4388DC931420E93200B428ED /* Frameworks */ = {
			isa = PBXFrameworksBuildPhase;
			buildActionMask = 2147483647;
			files = (
				4388DC9B1420E93200B428ED /* UIKit.framework in Frameworks */,
				4388DC9D1420E93200B428ED /* Foundation.framework in Frameworks */,
				4388DC9F1420E93200B428ED /* CoreGraphics.framework in Frameworks */,
			);
			runOnlyForDeploymentPostprocessing = 0;
		};
/* End PBXFrameworksBuildPhase section */

/* Begin PBXGroup section */
		4388DC8B1420E93200B428ED = {
			isa = PBXGroup;
			children = (
				4388DCB71420E94700B428ED /* Images */,
				4388DCA01420E93200B428ED /* ImageAnimation */,
				4388DC991420E93200B428ED /* Frameworks */,
				4388DC971420E93200B428ED /* Products */,
			);
			sourceTree = "<group>";
		};
		4388DC971420E93200B428ED /* Products */ = {
			isa = PBXGroup;
			children = (
				4388DC961420E93200B428ED /* ImageAnimation.app */,
			);
			name = Products;
			sourceTree = "<group>";
		};
		4388DC991420E93200B428ED /* Frameworks */ = {
			isa = PBXGroup;
			children = (
				4388DC9A1420E93200B428ED /* UIKit.framework */,
				4388DC9C1420E93200B428ED /* Foundation.framework */,
				4388DC9E1420E93200B428ED /* CoreGraphics.framework */,
			);
			name = Frameworks;
			sourceTree = "<group>";
		};
		4388DCA01420E93200B428ED /* ImageAnimation */ = {
			isa = PBXGroup;
			children = (
				4388DCA91420E93200B428ED /* AppDelegate.h */,
				4388DCAA1420E93200B428ED /* AppDelegate.m */,
				4388DCAC1420E93200B428ED /* ViewController.h */,
				4388DCAD1420E93200B428ED /* ViewController.m */,
				4388DCAF1420E93200B428ED /* ViewController.xib */,
				4388DCA11420E93200B428ED /* Supporting Files */,
			);
			path = ImageAnimation;
			sourceTree = "<group>";
		};
		4388DCA11420E93200B428ED /* Supporting Files */ = {
			isa = PBXGroup;
			children = (
				4388DCA21420E93200B428ED /* ImageAnimation-Info.plist */,
				4388DCA31420E93200B428ED /* InfoPlist.strings */,
				4388DCA61420E93200B428ED /* main.m */,
				4388DCA81420E93200B428ED /* ImageAnimation-Prefix.pch */,
			);
			name = "Supporting Files";
			sourceTree = "<group>";
		};
		4388DCB71420E94700B428ED /* Images */ = {
			isa = PBXGroup;
			children = (
				4388DCB81420E95E00B428ED /* Clock1.png */,
				4388DCB91420E95E00B428ED /* Clock2.png */,
				4388DCBA1420E95E00B428ED /* Clock3.png */,
				4388DCBB1420E95E00B428ED /* Clock4.png */,
				4388DCBC1420E95E00B428ED /* Clock5.png */,
				4388DCBD1420E95E00B428ED /* Clock6.png */,
				4388DCBE1420E95E00B428ED /* Clock7.png */,
				4388DCBF1420E95E00B428ED /* Clock8.png */,
				4388DCC01420E95E00B428ED /* Clock9.png */,
				4388DCC11420E95E00B428ED /* Clock10.png */,
			);
			name = Images;
			sourceTree = "<group>";
		};
/* End PBXGroup section */

/* Begin PBXNativeTarget section */
		4388DC951420E93200B428ED /* ImageAnimation */ = {
			isa = PBXNativeTarget;
			buildConfigurationList = 4388DCB41420E93200B428ED /* Build configuration list for PBXNativeTarget "ImageAnimation" */;
			buildPhases = (
				4388DC921420E93200B428ED /* Sources */,
				4388DC931420E93200B428ED /* Frameworks */,
				4388DC941420E93200B428ED /* Resources */,
			);
			buildRules = (
			);
			dependencies = (
			);
			name = ImageAnimation;
			productName = ImageAnimation;
			productReference = 4388DC961420E93200B428ED /* ImageAnimation.app */;
			productType = "com.apple.product-type.application";
		};
/* End PBXNativeTarget section */

/* Begin PBXProject section */
		4388DC8D1420E93200B428ED /* Project object */ = {
			isa = PBXProject;
			attributes = {
				LastUpgradeCheck = 0420;
			};
			buildConfigurationList = 4388DC901420E93200B428ED /* Build configuration list for PBXProject "ImageAnimation" */;
			compatibilityVersion = "Xcode 3.2";
			developmentRegion = English;
			hasScannedForEncodings = 0;
			knownRegions = (
				en,
			);
			mainGroup = 4388DC8B1420E93200B428ED;
			productRefGroup = 4388DC971420E93200B428ED /* Products */;
			projectDirPath = "";
			projectRoot = "";
			targets = (
				4388DC951420E93200B428ED /* ImageAnimation */,
			);
		};
/* End PBXProject section */

/* Begin PBXResourcesBuildPhase section */
		4388DC941420E93200B428ED /* Resources */ = {
			isa = PBXResourcesBuildPhase;
			buildActionMask = 2147483647;
			files = (
				4388DCA51420E93200B428ED /* InfoPlist.strings in Resources */,
				4388DCB11420E93200B428ED /* ViewController.xib in Resources */,
				4388DCC21420E95E00B428ED /* Clock1.png in Resources */,
				4388DCC31420E95E00B428ED /* Clock2.png in Resources */,
				4388DCC41420E95E00B428ED /* Clock3.png in Resources */,
				4388DCC51420E95E00B428ED /* Clock4.png in Resources */,
				4388DCC61420E95E00B428ED /* Clock5.png in Resources */,
				4388DCC71420E95E00B428ED /* Clock6.png in Resources */,
				4388DCC81420E95E00B428ED /* Clock7.png in Resources */,
				4388DCC91420E95E00B428ED /* Clock8.png in Resources */,
				4388DCCA1420E95E00B428ED /* Clock9.png in Resources */,
				4388DCCB1420E95E00B428ED /* Clock10.png in Resources */,
			);
			runOnlyForDeploymentPostprocessing = 0;
		};
/* End PBXResourcesBuildPhase section */

/* Begin PBXSourcesBuildPhase section */
		4388DC921420E93200B428ED /* Sources */ = {
			isa = PBXSourcesBuildPhase;
			buildActionMask = 2147483647;
			files = (
				4388DCA71420E93200B428ED /* main.m in Sources */,
				4388DCAB1420E93200B428ED /* AppDelegate.m in Sources */,
				4388DCAE1420E93200B428ED /* ViewController.m in Sources */,
			);
			runOnlyForDeploymentPostprocessing = 0;
		};
/* End PBXSourcesBuildPhase section */

/* Begin PBXVariantGroup section */
		4388DCA31420E93200B428ED /* InfoPlist.strings */ = {
			isa = PBXVariantGroup;
			children = (
				4388DCA41420E93200B428ED /* en */,
			);
			name = InfoPlist.strings;
			sourceTree = "<group>";
		};
		4388DCAF1420E93200B428ED /* ViewController.xib */ = {
			isa = PBXVariantGroup;
			children = (
				4388DCB01420E93200B428ED /* en */,
			);
			name = ViewController.xib;
			sourceTree = "<group>";
		};
/* End PBXVariantGroup section */

/* Begin XCBuildConfiguration section */
		4388DCB21420E93200B428ED /* Debug */ = {
			isa = XCBuildConfiguration;
			buildSettings = {
				ALWAYS_SEARCH_USER_PATHS = NO;
				ARCHS = "$(ARCHS_STANDARD_32_BIT)";
				CLANG_ENABLE_OBJC_ARC = YES;
				"CODE_SIGN_IDENTITY[sdk=iphoneos*]" = "iPhone Developer";
				COPY_PHASE_STRIP = NO;
				GCC_C_LANGUAGE_STANDARD = gnu99;
				GCC_DYNAMIC_NO_PIC = NO;
				GCC_OPTIMIZATION_LEVEL = 0;
				GCC_PREPROCESSOR_DEFINITIONS = (
					"DEBUG=1",
					"$(inherited)",
				);
				GCC_SYMBOLS_PRIVATE_EXTERN = NO;
				GCC_VERSION = com.apple.compilers.llvm.clang.1_0;
				GCC_WARN_ABOUT_MISSING_PROTOTYPES = YES;
				GCC_WARN_ABOUT_RETURN_TYPE = YES;
				GCC_WARN_UNUSED_VARIABLE = YES;
				IPHONEOS_DEPLOYMENT_TARGET = 5.0;
				SDKROOT = iphoneos;
			};
			name = Debug;
		};
		4388DCB31420E93200B428ED /* Release */ = {
			isa = XCBuildConfiguration;
			buildSettings = {
				ALWAYS_SEARCH_USER_PATHS = NO;
				ARCHS = "$(ARCHS_STANDARD_32_BIT)";
				CLANG_ENABLE_OBJC_ARC = YES;
				"CODE_SIGN_IDENTITY[sdk=iphoneos*]" = "iPhone Developer";
				COPY_PHASE_STRIP = YES;
				GCC_C_LANGUAGE_STANDARD = gnu99;
				GCC_VERSION = com.apple.compilers.llvm.clang.1_0;
				GCC_WARN_ABOUT_MISSING_PROTOTYPES = YES;
				GCC_WARN_ABOUT_RETURN_TYPE = YES;
				GCC_WARN_UNUSED_VARIABLE = YES;
				IPHONEOS_DEPLOYMENT_TARGET = 5.0;
				OTHER_CFLAGS = "-DNS_BLOCK_ASSERTIONS=1";
				SDKROOT = iphoneos;
				VALIDATE_PRODUCT = YES;
			};
			name = Release;
		};
		4388DCB51420E93200B428ED /* Debug */ = {
			isa = XCBuildConfiguration;
			buildSettings = {
				GCC_PRECOMPILE_PREFIX_HEADER = YES;
				GCC_PREFIX_HEADER = "ImageAnimation/ImageAnimation-Prefix.pch";
				INFOPLIST_FILE = "ImageAnimation/ImageAnimation-Info.plist";
				PRODUCT_NAME = "$(TARGET_NAME)";
				WRAPPER_EXTENSION = app;
			};
			name = Debug;
		};
		4388DCB61420E93200B428ED /* Release */ = {
			isa = XCBuildConfiguration;
			buildSettings = {
				GCC_PRECOMPILE_PREFIX_HEADER = YES;
				GCC_PREFIX_HEADER = "ImageAnimation/ImageAnimation-Prefix.pch";
				INFOPLIST_FILE = "ImageAnimation/ImageAnimation-Info.plist";
				PRODUCT_NAME = "$(TARGET_NAME)";
				WRAPPER_EXTENSION = app;
			};
			name = Release;
		};
/* End XCBuildConfiguration section */

/* Begin XCConfigurationList section */
		4388DC901420E93200B428ED /* Build configuration list for PBXProject "ImageAnimation" */ = {
			isa = XCConfigurationList;
			buildConfigurations = (
				4388DCB21420E93200B428ED /* Debug */,
				4388DCB31420E93200B428ED /* Release */,
			);
			defaultConfigurationIsVisible = 0;
			defaultConfigurationName = Release;
		};
		4388DCB41420E93200B428ED /* Build configuration list for PBXNativeTarget "ImageAnimation" */ = {
			isa = XCConfigurationList;
			buildConfigurations = (
				4388DCB51420E93200B428ED /* Debug */,
				4388DCB61420E93200B428ED /* Release */,
			);
			defaultConfigurationIsVisible = 0;
		};
/* End XCConfigurationList section */
	};
	rootObject = 4388DC8D1420E93200B428ED /* Project object */;
}
