// !$*UTF8*$!
{
	archiveVersion = 1;
	classes = {
	};
	objectVersion = 46;
	objects = {

/* Begin PBXBuildFile section */
		43251F4513E1A31A009128E7 /* UIKit.framework in Frameworks */ = {isa = PBXBuildFile; fileRef = 43251F4413E1A31A009128E7 /* UIKit.framework */; };
		43251F4713E1A31A009128E7 /* Foundation.framework in Frameworks */ = {isa = PBXBuildFile; fileRef = 43251F4613E1A31A009128E7 /* Foundation.framework */; };
		43251F4913E1A31A009128E7 /* CoreGraphics.framework in Frameworks */ = {isa = PBXBuildFile; fileRef = 43251F4813E1A31A009128E7 /* CoreGraphics.framework */; };
		43251F4F13E1A31A009128E7 /* InfoPlist.strings in Resources */ = {isa = PBXBuildFile; fileRef = 43251F4D13E1A31A009128E7 /* InfoPlist.strings */; };
		43251F5113E1A31A009128E7 /* main.m in Sources */ = {isa = PBXBuildFile; fileRef = 43251F5013E1A31A009128E7 /* main.m */; };
		43251F5513E1A31A009128E7 /* FirstProgramAppDelegate.m in Sources */ = {isa = PBXBuildFile; fileRef = 43251F5413E1A31A009128E7 /* FirstProgramAppDelegate.m */; };
		43251F5813E1A31A009128E7 /* FirstProgramViewController.m in Sources */ = {isa = PBXBuildFile; fileRef = 43251F5713E1A31A009128E7 /* FirstProgramViewController.m */; };
		43251F5B13E1A31A009128E7 /* FirstProgramViewController.xib in Resources */ = {isa = PBXBuildFile; fileRef = 43251F5913E1A31A009128E7 /* FirstProgramViewController.xib */; };
/* End PBXBuildFile section */

/* Begin PBXFileReference section */
		43251F4013E1A31A009128E7 /* FirstProgram.app */ = {isa = PBXFileReference; explicitFileType = wrapper.application; includeInIndex = 0; path = FirstProgram.app; sourceTree = BUILT_PRODUCTS_DIR; };
		43251F4413E1A31A009128E7 /* UIKit.framework */ = {isa = PBXFileReference; lastKnownFileType = wrapper.framework; name = UIKit.framework; path = System/Library/Frameworks/UIKit.framework; sourceTree = SDKROOT; };
		43251F4613E1A31A009128E7 /* Foundation.framework */ = {isa = PBXFileReference; lastKnownFileType = wrapper.framework; name = Foundation.framework; path = System/Library/Frameworks/Foundation.framework; sourceTree = SDKROOT; };
		43251F4813E1A31A009128E7 /* CoreGraphics.framework */ = {isa = PBXFileReference; lastKnownFileType = wrapper.framework; name = CoreGraphics.framework; path = System/Library/Frameworks/CoreGraphics.framework; sourceTree = SDKROOT; };
		43251F4C13E1A31A009128E7 /* FirstProgram-Info.plist */ = {isa = PBXFileReference; lastKnownFileType = text.plist.xml; path = "FirstProgram-Info.plist"; sourceTree = "<group>"; };
		43251F4E13E1A31A009128E7 /* en */ = {isa = PBXFileReference; lastKnownFileType = text.plist.strings; name = en; path = en.lproj/InfoPlist.strings; sourceTree = "<group>"; };
		43251F5013E1A31A009128E7 /* main.m */ = {isa = PBXFileReference; lastKnownFileType = sourcecode.c.objc; path = main.m; sourceTree = "<group>"; };
		43251F5213E1A31A009128E7 /* FirstProgram-Prefix.pch */ = {isa = PBXFileReference; lastKnownFileType = sourcecode.c.h; path = "FirstProgram-Prefix.pch"; sourceTree = "<group>"; };
		43251F5313E1A31A009128E7 /* FirstProgramAppDelegate.h */ = {isa = PBXFileReference; lastKnownFileType = sourcecode.c.h; path = FirstProgramAppDelegate.h; sourceTree = "<group>"; };
		43251F5413E1A31A009128E7 /* FirstProgramAppDelegate.m */ = {isa = PBXFileReference; lastKnownFileType = sourcecode.c.objc; path = FirstProgramAppDelegate.m; sourceTree = "<group>"; };
		43251F5613E1A31A009128E7 /* FirstProgramViewController.h */ = {isa = PBXFileReference; lastKnownFileType = sourcecode.c.h; path = FirstProgramViewController.h; sourceTree = "<group>"; };
		43251F5713E1A31A009128E7 /* FirstProgramViewController.m */ = {isa = PBXFileReference; lastKnownFileType = sourcecode.c.objc; path = FirstProgramViewController.m; sourceTree = "<group>"; };
		43251F5A13E1A31A009128E7 /* en */ = {isa = PBXFileReference; lastKnownFileType = file.xib; name = en; path = en.lproj/FirstProgramViewController.xib; sourceTree = "<group>"; };
/* End PBXFileReference section */

/* Begin PBXFrameworksBuildPhase section */
		43251F3D13E1A31A009128E7 /* Frameworks */ = {
			isa = PBXFrameworksBuildPhase;
			buildActionMask = 2147483647;
			files = (
				43251F4513E1A31A009128E7 /* UIKit.framework in Frameworks */,
				43251F4713E1A31A009128E7 /* Foundation.framework in Frameworks */,
				43251F4913E1A31A009128E7 /* CoreGraphics.framework in Frameworks */,
			);
			runOnlyForDeploymentPostprocessing = 0;
		};
/* End PBXFrameworksBuildPhase section */

/* Begin PBXGroup section */
		43251F3513E1A31A009128E7 = {
			isa = PBXGroup;
			children = (
				43251F4A13E1A31A009128E7 /* FirstProgram */,
				43251F4313E1A31A009128E7 /* Frameworks */,
				43251F4113E1A31A009128E7 /* Products */,
			);
			sourceTree = "<group>";
		};
		43251F4113E1A31A009128E7 /* Products */ = {
			isa = PBXGroup;
			children = (
				43251F4013E1A31A009128E7 /* FirstProgram.app */,
			);
			name = Products;
			sourceTree = "<group>";
		};
		43251F4313E1A31A009128E7 /* Frameworks */ = {
			isa = PBXGroup;
			children = (
				43251F4413E1A31A009128E7 /* UIKit.framework */,
				43251F4613E1A31A009128E7 /* Foundation.framework */,
				43251F4813E1A31A009128E7 /* CoreGraphics.framework */,
			);
			name = Frameworks;
			sourceTree = "<group>";
		};
		43251F4A13E1A31A009128E7 /* FirstProgram */ = {
			isa = PBXGroup;
			children = (
				43251F5313E1A31A009128E7 /* FirstProgramAppDelegate.h */,
				43251F5413E1A31A009128E7 /* FirstProgramAppDelegate.m */,
				43251F5613E1A31A009128E7 /* FirstProgramViewController.h */,
				43251F5713E1A31A009128E7 /* FirstProgramViewController.m */,
				43251F5913E1A31A009128E7 /* FirstProgramViewController.xib */,
				43251F4B13E1A31A009128E7 /* Supporting Files */,
			);
			path = FirstProgram;
			sourceTree = "<group>";
		};
		43251F4B13E1A31A009128E7 /* Supporting Files */ = {
			isa = PBXGroup;
			children = (
				43251F4C13E1A31A009128E7 /* FirstProgram-Info.plist */,
				43251F4D13E1A31A009128E7 /* InfoPlist.strings */,
				43251F5013E1A31A009128E7 /* main.m */,
				43251F5213E1A31A009128E7 /* FirstProgram-Prefix.pch */,
			);
			name = "Supporting Files";
			sourceTree = "<group>";
		};
/* End PBXGroup section */

/* Begin PBXNativeTarget section */
		43251F3F13E1A31A009128E7 /* FirstProgram */ = {
			isa = PBXNativeTarget;
			buildConfigurationList = 43251F5E13E1A31A009128E7 /* Build configuration list for PBXNativeTarget "FirstProgram" */;
			buildPhases = (
				43251F3C13E1A31A009128E7 /* Sources */,
				43251F3D13E1A31A009128E7 /* Frameworks */,
				43251F3E13E1A31A009128E7 /* Resources */,
			);
			buildRules = (
			);
			dependencies = (
			);
			name = FirstProgram;
			productName = FirstProgram;
			productReference = 43251F4013E1A31A009128E7 /* FirstProgram.app */;
			productType = "com.apple.product-type.application";
		};
/* End PBXNativeTarget section */

/* Begin PBXProject section */
		43251F3713E1A31A009128E7 /* Project object */ = {
			isa = PBXProject;
			attributes = {
				LastUpgradeCheck = 0420;
			};
			buildConfigurationList = 43251F3A13E1A31A009128E7 /* Build configuration list for PBXProject "FirstProgram" */;
			compatibilityVersion = "Xcode 3.2";
			developmentRegion = English;
			hasScannedForEncodings = 0;
			knownRegions = (
				en,
			);
			mainGroup = 43251F3513E1A31A009128E7;
			productRefGroup = 43251F4113E1A31A009128E7 /* Products */;
			projectDirPath = "";
			projectRoot = "";
			targets = (
				43251F3F13E1A31A009128E7 /* FirstProgram */,
			);
		};
/* End PBXProject section */

/* Begin PBXResourcesBuildPhase section */
		43251F3E13E1A31A009128E7 /* Resources */ = {
			isa = PBXResourcesBuildPhase;
			buildActionMask = 2147483647;
			files = (
				43251F4F13E1A31A009128E7 /* InfoPlist.strings in Resources */,
				43251F5B13E1A31A009128E7 /* FirstProgramViewController.xib in Resources */,
			);
			runOnlyForDeploymentPostprocessing = 0;
		};
/* End PBXResourcesBuildPhase section */

/* Begin PBXSourcesBuildPhase section */
		43251F3C13E1A31A009128E7 /* Sources */ = {
			isa = PBXSourcesBuildPhase;
			buildActionMask = 2147483647;
			files = (
				43251F5113E1A31A009128E7 /* main.m in Sources */,
				43251F5513E1A31A009128E7 /* FirstProgramAppDelegate.m in Sources */,
				43251F5813E1A31A009128E7 /* FirstProgramViewController.m in Sources */,
			);
			runOnlyForDeploymentPostprocessing = 0;
		};
/* End PBXSourcesBuildPhase section */

/* Begin PBXVariantGroup section */
		43251F4D13E1A31A009128E7 /* InfoPlist.strings */ = {
			isa = PBXVariantGroup;
			children = (
				43251F4E13E1A31A009128E7 /* en */,
			);
			name = InfoPlist.strings;
			sourceTree = "<group>";
		};
		43251F5913E1A31A009128E7 /* FirstProgramViewController.xib */ = {
			isa = PBXVariantGroup;
			children = (
				43251F5A13E1A31A009128E7 /* en */,
			);
			name = FirstProgramViewController.xib;
			sourceTree = "<group>";
		};
/* End PBXVariantGroup section */

/* Begin XCBuildConfiguration section */
		43251F5C13E1A31A009128E7 /* Debug */ = {
			isa = XCBuildConfiguration;
			buildSettings = {
				ALWAYS_SEARCH_USER_PATHS = NO;
				ARCHS = "$(ARCHS_STANDARD_32_BIT)";
				CLANG_ENABLE_OBJC_ARC = YES;
				"CODE_SIGN_IDENTITY[sdk=iphoneos*]" = "iPhone Developer";
				COPY_PHASE_STRIP = NO;
				GCC_C_LANGUAGE_STANDARD = gnu99;
				GCC_DYNAMIC_NO_PIC = NO;
				GCC_OPTIMIZATION_LEVEL = 0;
				GCC_PREPROCESSOR_DEFINITIONS = (
					"DEBUG=1",
					"$(inherited)",
				);
				GCC_SYMBOLS_PRIVATE_EXTERN = NO;
				GCC_VERSION = com.apple.compilers.llvm.clang.1_0;
				GCC_WARN_ABOUT_MISSING_PROTOTYPES = YES;
				GCC_WARN_ABOUT_RETURN_TYPE = YES;
				GCC_WARN_UNUSED_VARIABLE = YES;
				IPHONEOS_DEPLOYMENT_TARGET = 5.0;
				SDKROOT = iphoneos;
			};
			name = Debug;
		};
		43251F5D13E1A31A009128E7 /* Release */ = {
			isa = XCBuildConfiguration;
			buildSettings = {
				ALWAYS_SEARCH_USER_PATHS = NO;
				ARCHS = "$(ARCHS_STANDARD_32_BIT)";
				CLANG_ENABLE_OBJC_ARC = YES;
				"CODE_SIGN_IDENTITY[sdk=iphoneos*]" = "iPhone Developer";
				COPY_PHASE_STRIP = YES;
				GCC_C_LANGUAGE_STANDARD = gnu99;
				GCC_VERSION = com.apple.compilers.llvm.clang.1_0;
				GCC_WARN_ABOUT_MISSING_PROTOTYPES = YES;
				GCC_WARN_ABOUT_RETURN_TYPE = YES;
				GCC_WARN_UNUSED_VARIABLE = YES;
				IPHONEOS_DEPLOYMENT_TARGET = 5.0;
				OTHER_CFLAGS = "-DNS_BLOCK_ASSERTIONS=1";
				SDKROOT = iphoneos;
				VALIDATE_PRODUCT = YES;
			};
			name = Release;
		};
		43251F5F13E1A31A009128E7 /* Debug */ = {
			isa = XCBuildConfiguration;
			buildSettings = {
				GCC_PRECOMPILE_PREFIX_HEADER = YES;
				GCC_PREFIX_HEADER = "FirstProgram/FirstProgram-Prefix.pch";
				INFOPLIST_FILE = "FirstProgram/FirstProgram-Info.plist";
				PRODUCT_NAME = "$(TARGET_NAME)";
				WRAPPER_EXTENSION = app;
			};
			name = Debug;
		};
		43251F6013E1A31A009128E7 /* Release */ = {
			isa = XCBuildConfiguration;
			buildSettings = {
				GCC_PRECOMPILE_PREFIX_HEADER = YES;
				GCC_PREFIX_HEADER = "FirstProgram/FirstProgram-Prefix.pch";
				INFOPLIST_FILE = "FirstProgram/FirstProgram-Info.plist";
				PRODUCT_NAME = "$(TARGET_NAME)";
				WRAPPER_EXTENSION = app;
			};
			name = Release;
		};
/* End XCBuildConfiguration section */

/* Begin XCConfigurationList section */
		43251F3A13E1A31A009128E7 /* Build configuration list for PBXProject "FirstProgram" */ = {
			isa = XCConfigurationList;
			buildConfigurations = (
				43251F5C13E1A31A009128E7 /* Debug */,
				43251F5D13E1A31A009128E7 /* Release */,
			);
			defaultConfigurationIsVisible = 0;
			defaultConfigurationName = Release;
		};
		43251F5E13E1A31A009128E7 /* Build configuration list for PBXNativeTarget "FirstProgram" */ = {
			isa = XCConfigurationList;
			buildConfigurations = (
				43251F5F13E1A31A009128E7 /* Debug */,
				43251F6013E1A31A009128E7 /* Release */,
			);
			defaultConfigurationIsVisible = 0;
		};
/* End XCConfigurationList section */
	};
	rootObject = 43251F3713E1A31A009128E7 /* Project object */;
}
